
Microsoft Visual Studio Solution File, Format Version 12.00
# Visual Studio Version 17
VisualStudioVersion = 17.4.33213.308
MinimumVisualStudioVersion = 10.0.40219.1
Project("{FAE04EC0-301F-11D3-BF4B-00C04F79EFBC}") = "APEC.ProyectoFinal.API", "APEC.ProyectoFinal.API.csproj", "{6D3510EC-9610-4FD6-BA13-D8F03AB689E2}"
EndProject
Global
	GlobalSection(SolutionConfigurationPlatforms) = preSolution
		Debug|Any CPU = Debug|Any CPU
		Release|Any CPU = Release|Any CPU
	EndGlobalSection
	GlobalSection(ProjectConfigurationPlatforms) = postSolution
		{6D3510EC-9610-4FD6-BA13-D8F03AB689E2}.Debug|Any CPU.ActiveCfg = Debug|Any CPU
		{6D3510EC-9610-4FD6-BA13-D8F03AB689E2}.Debug|Any CPU.Build.0 = Debug|Any CPU
		{6D3510EC-9610-4FD6-BA13-D8F03AB689E2}.Release|Any CPU.ActiveCfg = Release|Any CPU
		{6D3510EC-9610-4FD6-BA13-D8F03AB689E2}.Release|Any CPU.Build.0 = Release|Any CPU
	EndGlobalSection
	GlobalSection(SolutionProperties) = preSolution
		HideSolutionNode = FALSE
	EndGlobalSection
	GlobalSection(ExtensibilityGlobals) = postSolution
		SolutionGuid = {3EE9DDF5-466E-4CC4-95F3-0A0D87C84DDB}
	EndGlobalSection
EndGlobal
